lockfileVersion: '6.0'

dependencies:
  tsparticles:
    specifier: ^2.8.0
    version: 2.8.0

devDependencies:
  gh-pages:
    specifier: ^5.0.0
    version: 5.0.0
  handlebars:
    specifier: ^4.7.7
    version: 4.7.7
  rimraf:
    specifier: ^5.0.0
    version: 5.0.0

packages:

  /array-union@1.0.2:
    resolution: {integrity: sha512-Dxr6QJj/RdU/hCaBjOfxW+q6lyuVE6JFWIrAUpuOOhoJJoQ99cUn3igRaHVB5P9WrgFVN0FfArM3x0cueOU8ng==}
    engines: {node: '>=0.10.0'}
    dependencies:
      array-uniq: 1.0.3
    dev: true

  /array-uniq@1.0.3:
    resolution: {integrity: sha512-MNha4BWQ6JbwhFhj03YK552f7cb3AzoE8SzeljgChvL1dl3IcvggXVz1DilzySZkCja+CXuZbdW7yATchWn8/Q==}
    engines: {node: '>=0.10.0'}
    dev: true

  /async@3.2.4:
    resolution: {integrity: sha512-iAB+JbDEGXhyIUavoDl9WP/Jj106Kz9DEn1DPgYw5ruDn0e3Wgi3sKFm55sASdGBNOQB8F59d9qQ7deqrHA8wQ==}
    dev: true

  /balanced-match@1.0.2:
    resolution: {integrity: sha512-3oSeUO0TMV67hN1AmbXsK4yaqU7tjiHlbxRDZOpH0KW9+CeX4bRAaX0Anxt0tx2MrpRpWwQaPwIlISEJhYU5Pw==}
    dev: true

  /brace-expansion@1.1.11:
    resolution: {integrity: sha512-iCuPHDFgrHX7H2vEI/5xpz07zSHB00TpugqhmYtVmMO6518mCuRMoOYFldEBl0g187ufozdaHgWKcYFb61qGiA==}
    dependencies:
      balanced-match: 1.0.2
      concat-map: 0.0.1
    dev: true

  /brace-expansion@2.0.1:
    resolution: {integrity: sha512-XnAIvQ8eM+kC6aULx6wuQiwVsnzsi9d3WxzV3FpWTGA19F621kwdbsAcFKXgKUHZWsy+mY6iL1sHTxWEFCytDA==}
    dependencies:
      balanced-match: 1.0.2
    dev: true

  /commander@2.20.3:
    resolution: {integrity: sha512-GpVkmM8vF2vQUkj2LvZmD35JxeJOLCwJ9cUkugyk2nuhbv3+mJvpLYYt+0+USMxE+oj+ey/lJEnhZw75x/OMcQ==}
    dev: true

  /commondir@1.0.1:
    resolution: {integrity: sha512-W9pAhw0ja1Edb5GVdIF1mjZw/ASI0AlShXM83UUGe2DVr5TdAPEA1OA8m/g8zWp9x6On7gqufY+FatDbC3MDQg==}
    dev: true

  /concat-map@0.0.1:
    resolution: {integrity: sha512-/Srv4dswyQNBfohGpz9o6Yb3Gz3SrUDqBH5rTuhGR7ahtlbYKnVxw2bCFMRljaA7EXHaXZ8wsHdodFvbkhKmqg==}
    dev: true

  /email-addresses@5.0.0:
    resolution: {integrity: sha512-4OIPYlA6JXqtVn8zpHpGiI7vE6EQOAg16aGnDMIAlZVinnoZ8208tW1hAbjWydgN/4PLTT9q+O1K6AH/vALJGw==}
    dev: true

  /escape-string-regexp@1.0.5:
    resolution: {integrity: sha512-vbRorB5FUQWvla16U8R/qgaFIya2qGzwDrNmCZuYKrbdSUMG6I1ZCGQRefkRVhuOkIGVne7BQ35DSfo1qvJqFg==}
    engines: {node: '>=0.8.0'}
    dev: true

  /filename-reserved-regex@2.0.0:
    resolution: {integrity: sha512-lc1bnsSr4L4Bdif8Xb/qrtokGbq5zlsms/CYH8PP+WtCkGNF65DPiQY8vG3SakEdRn8Dlnm+gW/qWKKjS5sZzQ==}
    engines: {node: '>=4'}
    dev: true

  /filenamify@4.3.0:
    resolution: {integrity: sha512-hcFKyUG57yWGAzu1CMt/dPzYZuv+jAJUT85bL8mrXvNe6hWj6yEHEc4EdcgiA6Z3oi1/9wXJdZPXF2dZNgwgOg==}
    engines: {node: '>=8'}
    dependencies:
      filename-reserved-regex: 2.0.0
      strip-outer: 1.0.1
      trim-repeated: 1.0.0
    dev: true

  /find-cache-dir@3.3.2:
    resolution: {integrity: sha512-wXZV5emFEjrridIgED11OoUKLxiYjAcqot/NJdAkOhlJ+vGzwhOAfcG5OX1jP+S0PcjEn8bdMJv+g2jwQ3Onig==}
    engines: {node: '>=8'}
    dependencies:
      commondir: 1.0.1
      make-dir: 3.1.0
      pkg-dir: 4.2.0
    dev: true

  /find-up@4.1.0:
    resolution: {integrity: sha512-PpOwAdQ/YlXQ2vj8a3h8IipDuYRi3wceVQQGYWxNINccq40Anw7BlsEXCMbt1Zt+OLA6Fq9suIpIWD0OsnISlw==}
    engines: {node: '>=8'}
    dependencies:
      locate-path: 5.0.0
      path-exists: 4.0.0
    dev: true

  /fs-extra@8.1.0:
    resolution: {integrity: sha512-yhlQgA6mnOJUKOsRUFsgJdQCvkKhcz8tlZG5HBQfReYZy46OwLcY+Zia0mtdHsOo9y/hP+CxMN0TU9QxoOtG4g==}
    engines: {node: '>=6 <7 || >=8'}
    dependencies:
      graceful-fs: 4.2.10
      jsonfile: 4.0.0
      universalify: 0.1.2
    dev: true

  /fs.realpath@1.0.0:
    resolution: {integrity: sha512-OO0pH2lK6a0hZnAdau5ItzHPI6pUlvI7jMVnxUQRtw4owF2wk8lOSabtGDCTP4Ggrg2MbGnWO9X8K1t4+fGMDw==}
    dev: true

  /gh-pages@5.0.0:
    resolution: {integrity: sha512-Nqp1SjkPIB94Xw/3yYNTUL+G2dxlhjvv1zeN/4kMC1jfViTEqhtVz/Ba1zSXHuvXCN9ADNS1dN4r5/J/nZWEQQ==}
    engines: {node: '>=10'}
    hasBin: true
    dependencies:
      async: 3.2.4
      commander: 2.20.3
      email-addresses: 5.0.0
      filenamify: 4.3.0
      find-cache-dir: 3.3.2
      fs-extra: 8.1.0
      globby: 6.1.0
    dev: true

  /glob@10.0.0:
    resolution: {integrity: sha512-zmp9ZDC6NpDNLujV2W2n+3lH+BafIVZ4/ct+Yj3BMZTH/+bgm/eVjHzeFLwxJrrIGgjjS2eiQLlpurHsNlEAtQ==}
    engines: {node: '>=16 || 14 >=14.17'}
    dependencies:
      fs.realpath: 1.0.0
      minimatch: 9.0.0
      minipass: 5.0.0
      path-scurry: 1.6.4
    dev: true

  /glob@7.2.3:
    resolution: {integrity: sha512-nFR0zLpU2YCaRxwoCJvL6UvCH2JFyFVIvwTLsIf21AuHlMskA1hhTdk+LlYJtOlYt9v6dvszD2BGRqBL+iQK9Q==}
    dependencies:
      fs.realpath: 1.0.0
      inflight: 1.0.6
      inherits: 2.0.4
      minimatch: 3.1.2
      once: 1.4.0
      path-is-absolute: 1.0.1
    dev: true

  /globby@6.1.0:
    resolution: {integrity: sha512-KVbFv2TQtbzCoxAnfD6JcHZTYCzyliEaaeM/gH8qQdkKr5s0OP9scEgvdcngyk7AVdY6YVW/TJHd+lQ/Df3Daw==}
    engines: {node: '>=0.10.0'}
    dependencies:
      array-union: 1.0.2
      glob: 7.2.3
      object-assign: 4.1.1
      pify: 2.3.0
      pinkie-promise: 2.0.1
    dev: true

  /graceful-fs@4.2.10:
    resolution: {integrity: sha512-9ByhssR2fPVsNZj478qUUbKfmL0+t5BDVyjShtyZZLiK7ZDAArFFfopyOTj0M05wE2tJPisA4iTnnXl2YoPvOA==}
    dev: true

  /handlebars@4.7.7:
    resolution: {integrity: sha512-aAcXm5OAfE/8IXkcZvCepKU3VzW1/39Fb5ZuqMtgI/hT8X2YgoMvBY5dLhq/cpOvw7Lk1nK/UF71aLG/ZnVYRA==}
    engines: {node: '>=0.4.7'}
    hasBin: true
    dependencies:
      minimist: 1.2.8
      neo-async: 2.6.2
      source-map: 0.6.1
      wordwrap: 1.0.0
    optionalDependencies:
      uglify-js: 3.17.4
    dev: true

  /inflight@1.0.6:
    resolution: {integrity: sha512-k92I/b08q4wvFscXCLvqfsHCrjrF7yiXsQuIVvVE7N82W3+aqpzuUdBbfhWcy/FZR3/4IgflMgKLOsvPDrGCJA==}
    dependencies:
      once: 1.4.0
      wrappy: 1.0.2
    dev: true

  /inherits@2.0.4:
    resolution: {integrity: sha512-k/vGaX4/Yla3WzyMCvTQOXYeIHvqOKtnqBduzTHpzpQZzAskKMhZ2K+EnBiSM9zGSoIFeMpXKxa4dYeZIQqewQ==}
    dev: true

  /jsonfile@4.0.0:
    resolution: {integrity: sha512-m6F1R3z8jjlf2imQHS2Qez5sjKWQzbuuhuJ/FKYFRZvPE3PuHcSMVZzfsLhGVOkfd20obL5SWEBew5ShlquNxg==}
    optionalDependencies:
      graceful-fs: 4.2.10
    dev: true

  /locate-path@5.0.0:
    resolution: {integrity: sha512-t7hw9pI+WvuwNJXwk5zVHpyhIqzg2qTlklJOf0mVxGSbe3Fp2VieZcduNYjaLDoy6p9uGpQEGWG87WpMKlNq8g==}
    engines: {node: '>=8'}
    dependencies:
      p-locate: 4.1.0
    dev: true

  /lru-cache@9.0.0:
    resolution: {integrity: sha512-9AEKXzvOZc4BMacFnYiTOlDH/197LNnQIK9wZ6iMB5NXPzuv4bWR/Msv7iUMplkiMQ1qQL+KSv/JF1mZAB5Lrg==}
    engines: {node: '>=16.14'}
    dev: true

  /make-dir@3.1.0:
    resolution: {integrity: sha512-g3FeP20LNwhALb/6Cz6Dd4F2ngze0jz7tbzrD2wAV+o9FeNHe4rL+yK2md0J/fiSf1sa1ADhXqi5+oVwOM/eGw==}
    engines: {node: '>=8'}
    dependencies:
      semver: 6.3.0
    dev: true

  /minimatch@3.1.2:
    resolution: {integrity: sha512-J7p63hRiAjw1NDEww1W7i37+ByIrOWO5XQQAzZ3VOcL0PNybwpfmV/N05zFAzwQ9USyEcX6t3UO+K5aqBQOIHw==}
    dependencies:
      brace-expansion: 1.1.11
    dev: true

  /minimatch@9.0.0:
    resolution: {integrity: sha512-0jJj8AvgKqWN05mrwuqi8QYKx1WmYSUoKSxu5Qhs9prezTz10sxAHGNZe9J9cqIJzta8DWsleh2KaVaLl6Ru2w==}
    engines: {node: '>=16 || 14 >=14.17'}
    dependencies:
      brace-expansion: 2.0.1
    dev: true

  /minimist@1.2.8:
    resolution: {integrity: sha512-2yyAR8qBkN3YuheJanUpWC5U3bb5osDywNB8RzDVlDwDHbocAJveqqj1u8+SVD7jkWT4yvsHCpWqqWqAxb0zCA==}
    dev: true

  /minipass@5.0.0:
    resolution: {integrity: sha512-3FnjYuehv9k6ovOEbyOswadCDPX1piCfhV8ncmYtHOjuPwylVWsghTLo7rabjC3Rx5xD4HDx8Wm1xnMF7S5qFQ==}
    engines: {node: '>=8'}
    dev: true

  /neo-async@2.6.2:
    resolution: {integrity: sha512-Yd3UES5mWCSqR+qNT93S3UoYUkqAZ9lLg8a7g9rimsWmYGK8cVToA4/sF3RrshdyV3sAGMXVUmpMYOw+dLpOuw==}
    dev: true

  /object-assign@4.1.1:
    resolution: {integrity: sha512-rJgTQnkUnH1sFw8yT6VSU3zD3sWmu6sZhIseY8VX+GRu3P6F7Fu+JNDoXfklElbLJSnc3FUQHVe4cU5hj+BcUg==}
    engines: {node: '>=0.10.0'}
    dev: true

  /once@1.4.0:
    resolution: {integrity: sha512-lNaJgI+2Q5URQBkccEKHTQOPaXdUxnZZElQTZY0MFUAuaEqe1E+Nyvgdz/aIyNi6Z9MzO5dv1H8n58/GELp3+w==}
    dependencies:
      wrappy: 1.0.2
    dev: true

  /p-limit@2.3.0:
    resolution: {integrity: sha512-//88mFWSJx8lxCzwdAABTJL2MyWB12+eIY7MDL2SqLmAkeKU9qxRvWuSyTjm3FUmpBEMuFfckAIqEaVGUDxb6w==}
    engines: {node: '>=6'}
    dependencies:
      p-try: 2.2.0
    dev: true

  /p-locate@4.1.0:
    resolution: {integrity: sha512-R79ZZ/0wAxKGu3oYMlz8jy/kbhsNrS7SKZ7PxEHBgJ5+F2mtFW2fK2cOtBh1cHYkQsbzFV7I+EoRKe6Yt0oK7A==}
    engines: {node: '>=8'}
    dependencies:
      p-limit: 2.3.0
    dev: true

  /p-try@2.2.0:
    resolution: {integrity: sha512-R4nPAVTAU0B9D35/Gk3uJf/7XYbQcyohSKdvAxIRSNghFl4e71hVoGnBNQz9cWaXxO2I10KTC+3jMdvvoKw6dQ==}
    engines: {node: '>=6'}
    dev: true

  /path-exists@4.0.0:
    resolution: {integrity: sha512-ak9Qy5Q7jYb2Wwcey5Fpvg2KoAc/ZIhLSLOSBmRmygPsGwkVVt0fZa0qrtMz+m6tJTAHfZQ8FnmB4MG4LWy7/w==}
    engines: {node: '>=8'}
    dev: true

  /path-is-absolute@1.0.1:
    resolution: {integrity: sha512-AVbw3UJ2e9bq64vSaS9Am0fje1Pa8pbGqTTsmXfaIiMpnr5DlDhfJOuLj9Sf95ZPVDAUerDfEk88MPmPe7UCQg==}
    engines: {node: '>=0.10.0'}
    dev: true

  /path-scurry@1.6.4:
    resolution: {integrity: sha512-Qp/9IHkdNiXJ3/Kon++At2nVpnhRiPq/aSvQN+H3U1WZbvNRK0RIQK/o4HMqPoXjpuGJUEWpHSs6Mnjxqh3TQg==}
    engines: {node: '>=16 || 14 >=14.17'}
    dependencies:
      lru-cache: 9.0.0
      minipass: 5.0.0
    dev: true

  /pify@2.3.0:
    resolution: {integrity: sha512-udgsAY+fTnvv7kI7aaxbqwWNb0AHiB0qBO89PZKPkoTmGOgdbrHDKD+0B2X4uTfJ/FT1R09r9gTsjUjNJotuog==}
    engines: {node: '>=0.10.0'}
    dev: true

  /pinkie-promise@2.0.1:
    resolution: {integrity: sha512-0Gni6D4UcLTbv9c57DfxDGdr41XfgUjqWZu492f0cIGr16zDU06BWP/RAEvOuo7CQ0CNjHaLlM59YJJFm3NWlw==}
    engines: {node: '>=0.10.0'}
    dependencies:
      pinkie: 2.0.4
    dev: true

  /pinkie@2.0.4:
    resolution: {integrity: sha512-MnUuEycAemtSaeFSjXKW/aroV7akBbY+Sv+RkyqFjgAe73F+MR0TBWKBRDkmfWq/HiFmdavfZ1G7h4SPZXaCSg==}
    engines: {node: '>=0.10.0'}
    dev: true

  /pkg-dir@4.2.0:
    resolution: {integrity: sha512-HRDzbaKjC+AOWVXxAU/x54COGeIv9eb+6CkDSQoNTt4XyWoIJvuPsXizxu/Fr23EiekbtZwmh1IcIG/l/a10GQ==}
    engines: {node: '>=8'}
    dependencies:
      find-up: 4.1.0
    dev: true

  /rimraf@5.0.0:
    resolution: {integrity: sha512-Jf9llaP+RvaEVS5nPShYFhtXIrb3LRKP281ib3So0KkeZKo2wIKyq0Re7TOSwanasA423PSr6CCIL4bP6T040g==}
    engines: {node: '>=14'}
    hasBin: true
    dependencies:
      glob: 10.0.0
    dev: true

  /semver@6.3.0:
    resolution: {integrity: sha512-b39TBaTSfV6yBrapU89p5fKekE2m/NwnDocOVruQFS1/veMgdzuPcnOM34M6CwxW8jH/lxEa5rBoDeUwu5HHTw==}
    hasBin: true
    dev: true

  /source-map@0.6.1:
    resolution: {integrity: sha512-UjgapumWlbMhkBgzT7Ykc5YXUT46F0iKu8SGXq0bcwP5dz/h0Plj6enJqjz1Zbq2l5WaqYnrVbwWOWMyF3F47g==}
    engines: {node: '>=0.10.0'}
    dev: true

  /strip-outer@1.0.1:
    resolution: {integrity: sha512-k55yxKHwaXnpYGsOzg4Vl8+tDrWylxDEpknGjhTiZB8dFRU5rTo9CAzeycivxV3s+zlTKwrs6WxMxR95n26kwg==}
    engines: {node: '>=0.10.0'}
    dependencies:
      escape-string-regexp: 1.0.5
    dev: true

  /trim-repeated@1.0.0:
    resolution: {integrity: sha512-pkonvlKk8/ZuR0D5tLW8ljt5I8kmxp2XKymhepUeOdCEfKpZaktSArkLHZt76OB1ZvO9bssUsDty4SWhLvZpLg==}
    engines: {node: '>=0.10.0'}
    dependencies:
      escape-string-regexp: 1.0.5
    dev: true

  /tsparticles-engine@2.8.0:
    resolution: {integrity: sha512-r0cWKxefQkQCzU+RRG/82VQnl/fAkws27EuYIOKcnHiYsWnZYcX8iPiQs/qgDajP0haBSn4Vui8UbTCAwSFniw==}
    requiresBuild: true
    dev: false

  /tsparticles-interaction-external-attract@2.8.0:
    resolution: {integrity: sha512-9M0aiVcv6KmjlYFJO7YiNHMehLGsABY0fJjI8qW0zsNVDDWw7Cc7TVdjJUyoIPimmwQtX5WFkzBxO4+bEIVyVQ==}
    dependencies:
      tsparticles-engine: 2.8.0
    dev: false

  /tsparticles-interaction-external-bounce@2.8.0:
    resolution: {integrity: sha512-6cMXiLxd7rb64kuOrlIzROnVWZwtfyl5imnH+9WpBeH5MAZF98XQnVZ09jfEByEmIg76yimQz2M4v10WCGG+dg==}
    dependencies:
      tsparticles-engine: 2.8.0
    dev: false

  /tsparticles-interaction-external-bubble@2.8.0:
    resolution: {integrity: sha512-raz+PMzxhXO3j/DBIP69jwfIrJpCP0CR1wdczzDd2lpMFpAgI9VuGkIMmH/9/sbDbjRtYWzRsHWIikdkud8W1Q==}
    dependencies:
      tsparticles-engine: 2.8.0
    dev: false

  /tsparticles-interaction-external-connect@2.8.0:
    resolution: {integrity: sha512-h21JkfP2VWPntkB0Cpu05JC5xRVDEyKmGIxHbBkTTRdI4AyUN9an9LXK6rlOsNB/FDK8hN4qaLuu/szUnf14ng==}
    dependencies:
      tsparticles-engine: 2.8.0
    dev: false

  /tsparticles-interaction-external-grab@2.8.0:
    resolution: {integrity: sha512-V5LzHDCRx5KEYXUe6UKmc2sv+zPsg0ruzBaH4mjWW/KXZGofuCewF7v00GopPEMZJiq3kf24ERIu2XAnUxo9+g==}
    dependencies:
      tsparticles-engine: 2.8.0
    dev: false

  /tsparticles-interaction-external-pause@2.8.0:
    resolution: {integrity: sha512-Y67sb2TRa0UGp9e5eJhEpwE9pXj+Fxc6D4bUHzmaubOM01HYBE/GsOLF0wH3JUUpkkSOCc4elXYpU8sN0N8zqQ==}
    dependencies:
      tsparticles-engine: 2.8.0
    dev: false

  /tsparticles-interaction-external-push@2.8.0:
    resolution: {integrity: sha512-2IdfoQ/vIbK5XtwVq/s8MZKOckJJHx6ndGCrbvcJcrqecnIdJmbu+jIos7pilyHTDZQ/euN5O8zPpNU1xrow4g==}
    dependencies:
      tsparticles-engine: 2.8.0
    dev: false

  /tsparticles-interaction-external-remove@2.8.0:
    resolution: {integrity: sha512-KkAdvevH5VHU0xJhyhsZ3Jq4I2qYA0U1EpDpuuHjnuRfs2nc7eVx/SFQ6RfEEuST0sOR1B8RNlvB6g1XKqcXXw==}
    dependencies:
      tsparticles-engine: 2.8.0
    dev: false

  /tsparticles-interaction-external-repulse@2.8.0:
    resolution: {integrity: sha512-N2MnXhKZMDV3oIHuLs6yWxsNf018E2tk7+N+8wAd4cMGfB5kr3ygulCFrzQFxmRvAcl+pb+jwCOzLzE0Hq/fNw==}
    dependencies:
      tsparticles-engine: 2.8.0
    dev: false

  /tsparticles-interaction-external-slow@2.8.0:
    resolution: {integrity: sha512-jzhShoTTtlxuhtGzEmjChP1kfnh4H7NNYkq3d61sI3culNIBVxjD67cMl9PMEe/0kqXoQb6E28O6Ncxk+lSrRw==}
    dependencies:
      tsparticles-engine: 2.8.0
    dev: false

  /tsparticles-interaction-external-trail@2.8.0:
    resolution: {integrity: sha512-fmRdju4Wk8r2Xkye47vqHCl220cEHVvsM/ao99+XV+22XilETnnjRcE+s0bTspHTmmWCjtfejYW0qMNgPnYIdA==}
    dependencies:
      tsparticles-engine: 2.8.0
    dev: false

  /tsparticles-interaction-particles-attract@2.8.0:
    resolution: {integrity: sha512-iF+jLdfReruIehkJfvopjAwOKESjb6OrNhoXhLoFR0a75/9LLu9/jhTEYWGUfagfcsHHT/jdbm0upn4kYRgYVQ==}
    dependencies:
      tsparticles-engine: 2.8.0
    dev: false

  /tsparticles-interaction-particles-collisions@2.8.0:
    resolution: {integrity: sha512-jOpuYtXuwbpWhtiwQ2XqcW40gMeznsJnBaU9SpjiB/MVOgY+YNHO+1iu+Oi4teZx5lxkiI1n5gxSj6m4ngK+5Q==}
    dependencies:
      tsparticles-engine: 2.8.0
    dev: false

  /tsparticles-interaction-particles-links@2.8.0:
    resolution: {integrity: sha512-f1kFbghNryC0avW8yUJyfkLOaulcJu2o4zfGuvqVt4U6iSyg3CAMyTIUR1BYrDFM2ij1gBEerdWo/QkpEZYS3w==}
    dependencies:
      tsparticles-engine: 2.8.0
    dev: false

  /tsparticles-move-base@2.8.0:
    resolution: {integrity: sha512-+LA6sJ429gvPsto6iX8Xf2WK13FDcdAgjU5jKmSXqFouAdFfiClj+QM0jjnAS4LT5UYjter6twrjwFawXctj0w==}
    dependencies:
      tsparticles-engine: 2.8.0
    dev: false

  /tsparticles-move-parallax@2.8.0:
    resolution: {integrity: sha512-1NZAQmTIMILvNDXF8l8wRcn3U5pM1Y9rk/zARzIVuIQ/EwSlSf21jqY/Koye11fjMwNB6AchEwEK2b1+76tsKQ==}
    dependencies:
      tsparticles-engine: 2.8.0
    dev: false

  /tsparticles-particles.js@2.8.0:
    resolution: {integrity: sha512-jYAhWIlKkN6oBRROmeYCUTDF1roomVT1HtPpDFMzIXyVQo1t4Y90b0/Z/tw+FZpDd5KsVx95VWmogDCmyBGJww==}
    dependencies:
      tsparticles-engine: 2.8.0
    dev: false

  /tsparticles-plugin-absorbers@2.8.0:
    resolution: {integrity: sha512-9P7yth/UDwYM8N93qBL6eLfM3u3YlJr0SDuYGfWvJmRwdLpZAImYFPBjPUgo8y95lRw43WoBj1JHD0nJLfvaZw==}
    dependencies:
      tsparticles-engine: 2.8.0
    dev: false

  /tsparticles-plugin-easing-quad@2.8.0:
    resolution: {integrity: sha512-c0DoFzaYUrCcrybzTUJjhuBKaiyvpeIr3BzDBrLsOBJowXx7GShsIfQxlsSQGHQu4UaIqIkPhXrWAoLr1jE8XQ==}
    dependencies:
      tsparticles-engine: 2.8.0
    dev: false

  /tsparticles-plugin-emitters@2.8.0:
    resolution: {integrity: sha512-3my+DcdQvf47j2XsUy2QRabb5vR/UIcqtzGNazNI9W0WdVUDCUF8vlhBkNji/D2jiUpCuKozzy3lb5uAFFCeYw==}
    dependencies:
      tsparticles-engine: 2.8.0
    dev: false

  /tsparticles-shape-circle@2.8.0:
    resolution: {integrity: sha512-mjBPnTakFZliBh9BZXtvHMjDR5CVst172XtypoMEwhqncal4Mp9rVAmGd43ctekQ/O45WB/2NykaGGLBkq4h7A==}
    dependencies:
      tsparticles-engine: 2.8.0
    dev: false

  /tsparticles-shape-image@2.8.0:
    resolution: {integrity: sha512-59uB2jjq5KizzdB2PeL/TYsnezSgTM3dEtklgZoNPj3PsZnd8s/H3U5h3t7KrD2WurO1qktllbjf08FeQA6dJg==}
    dependencies:
      tsparticles-engine: 2.8.0
    dev: false

  /tsparticles-shape-line@2.8.0:
    resolution: {integrity: sha512-jDLtFNk9LL/Zqh5NM2ttMVoT3dmrAev91g8cVCgyFEFqq59zbOblWpF9sdr7A8c6H9w+Exm+aToB5TI/led/uA==}
    dependencies:
      tsparticles-engine: 2.8.0
    dev: false

  /tsparticles-shape-polygon@2.8.0:
    resolution: {integrity: sha512-ZnWks0m1Cp1594s4NcD5oxRavLxVqBy21UoTzYEg/Ee9o0hm9GbRPNmYbh0/WeAs5xqlfHPADKP7qnt8ReiTpw==}
    dependencies:
      tsparticles-engine: 2.8.0
    dev: false

  /tsparticles-shape-square@2.8.0:
    resolution: {integrity: sha512-CRb3f19mybOQt2NvHytvAYfNOfQ3yQOTWQp/4xv+w/oRcVybYRHdhhcziDQ7VXtwHob0m8PbhDo4RnMZQb4/Eg==}
    dependencies:
      tsparticles-engine: 2.8.0
    dev: false

  /tsparticles-shape-star@2.8.0:
    resolution: {integrity: sha512-Or8GIozZPx0J83cfHX3923/bHsQr6wqif6jMAm1922Dp00Ycx3RgRMo2Jcj25j17VGEfBtLyT6l0/H5WJarYvQ==}
    dependencies:
      tsparticles-engine: 2.8.0
    dev: false

  /tsparticles-shape-text@2.8.0:
    resolution: {integrity: sha512-02h0fjGQ0LIzjiBG6hbcUqkntyIXzuFzPbi2d0EwXFLYdoMSR/EGr58vW7Mbq31ferDGN+mG2che2sqEsV8ZUw==}
    dependencies:
      tsparticles-engine: 2.8.0
    dev: false

  /tsparticles-slim@2.8.0:
    resolution: {integrity: sha512-Ev9AIxxBvjzHgGLYaZNBtZsIRGEGef5CRD5KKVTUzDFCCuxwSw9UMdRFXSYpykdQw7+8Zp0yroTHJ/yW9+9Apw==}
    dependencies:
      tsparticles-engine: 2.8.0
      tsparticles-interaction-external-attract: 2.8.0
      tsparticles-interaction-external-bounce: 2.8.0
      tsparticles-interaction-external-bubble: 2.8.0
      tsparticles-interaction-external-connect: 2.8.0
      tsparticles-interaction-external-grab: 2.8.0
      tsparticles-interaction-external-pause: 2.8.0
      tsparticles-interaction-external-push: 2.8.0
      tsparticles-interaction-external-remove: 2.8.0
      tsparticles-interaction-external-repulse: 2.8.0
      tsparticles-interaction-external-slow: 2.8.0
      tsparticles-interaction-particles-attract: 2.8.0
      tsparticles-interaction-particles-collisions: 2.8.0
      tsparticles-interaction-particles-links: 2.8.0
      tsparticles-move-base: 2.8.0
      tsparticles-move-parallax: 2.8.0
      tsparticles-particles.js: 2.8.0
      tsparticles-plugin-easing-quad: 2.8.0
      tsparticles-shape-circle: 2.8.0
      tsparticles-shape-image: 2.8.0
      tsparticles-shape-line: 2.8.0
      tsparticles-shape-polygon: 2.8.0
      tsparticles-shape-square: 2.8.0
      tsparticles-shape-star: 2.8.0
      tsparticles-shape-text: 2.8.0
      tsparticles-updater-angle: 2.8.0
      tsparticles-updater-color: 2.8.0
      tsparticles-updater-life: 2.8.0
      tsparticles-updater-opacity: 2.8.0
      tsparticles-updater-out-modes: 2.8.0
      tsparticles-updater-size: 2.8.0
      tsparticles-updater-stroke-color: 2.8.0
    dev: false

  /tsparticles-updater-angle@2.8.0:
    resolution: {integrity: sha512-MjBoTiUcdn2or9E5+zvrZmiRGlt1AtWenNCCLF1CKEAwLGPFZukJEFcXiH8iMyb4rNKAz8rHM/Em48DjkQGFwg==}
    dependencies:
      tsparticles-engine: 2.8.0
    dev: false

  /tsparticles-updater-color@2.8.0:
    resolution: {integrity: sha512-L++4ZYabHzqEQlElSZ6dGAxGJKYeAjRB1YoQVKMJVDots0b9EMpT14s0ihpte/tsYE+cmHeoE5UTPm6FmeAZ4Q==}
    dependencies:
      tsparticles-engine: 2.8.0
    dev: false

  /tsparticles-updater-destroy@2.8.0:
    resolution: {integrity: sha512-dFaPww0wBNEW4DzRIG883eFVrvV3FD7HsUF2M4UCtLpspRAwpVWuypTFoPhZXg9At8Tjh5ynWHZMx8tUzWHFYQ==}
    dependencies:
      tsparticles-engine: 2.8.0
    dev: false

  /tsparticles-updater-life@2.8.0:
    resolution: {integrity: sha512-6v/RUmp7UkxqfAgAs4Iz0O9dUVjRjUpFkIvYa8n1sFRgj58k/7jlGPraIhzFRJ/OVC1pT1ev7c4oBDM0KK0QbA==}
    dependencies:
      tsparticles-engine: 2.8.0
    dev: false

  /tsparticles-updater-opacity@2.8.0:
    resolution: {integrity: sha512-L5SQ9k/sH7hzOWqAzxckfSc096kaQeYe3aFKm8WJ8RhCV71rQle381roRhq9qtWfFS//2X+tzcjRDLhhR0jOmg==}
    dependencies:
      tsparticles-engine: 2.8.0
    dev: false

  /tsparticles-updater-out-modes@2.8.0:
    resolution: {integrity: sha512-BWJKfCXYMmNbtaq3i2iYFppVeKAb2sAWa5r88uius9nwL4gx1XDFW72m6Sy2f6s9n2r5uhTkMyXNHUeUskJnag==}
    dependencies:
      tsparticles-engine: 2.8.0
    dev: false

  /tsparticles-updater-roll@2.8.0:
    resolution: {integrity: sha512-+I51iWIrcIC1hl5mZL815QDy3VPymlIcK5Dj5SkizVYHSDYiW6aSeSXwdhyJg27Vh+QRbkSGUL0/5+QV8NUsWQ==}
    dependencies:
      tsparticles-engine: 2.8.0
    dev: false

  /tsparticles-updater-size@2.8.0:
    resolution: {integrity: sha512-QnbRObqu3jh2TsblKqfgWlvh9Zt65yoBnGBKdE0ZM3fYF2UCUud8NEqXMd+SoYSHOi78nwRPndrssHCQNh8tqg==}
    dependencies:
      tsparticles-engine: 2.8.0
    dev: false

  /tsparticles-updater-stroke-color@2.8.0:
    resolution: {integrity: sha512-wihEW5nPfMkqY0H2lxdTxjp7PcdLiJbVVIS43cvUz6bx239BvFv0ZsxNEfh/MNxtzj1Y7fRXhzoc5De02liOJA==}
    dependencies:
      tsparticles-engine: 2.8.0
    dev: false

  /tsparticles-updater-tilt@2.8.0:
    resolution: {integrity: sha512-398ANj2ms9EPHyCqDmP8LNDBvw92vNP07nTt33hQvaFpAgi9u2gH70LgxTdCJil0+mPzW4602fPTD3WyfPCwPA==}
    dependencies:
      tsparticles-engine: 2.8.0
    dev: false

  /tsparticles-updater-twinkle@2.8.0:
    resolution: {integrity: sha512-FL55hmZZ/bC4Ou8l8He3bK1rm3PXtjOCdEMpkktzKDcu/WAZ0tZGPNllFKOi1FZ5KovqVLDg42dJzPmGOpoXzg==}
    dependencies:
      tsparticles-engine: 2.8.0
    dev: false

  /tsparticles-updater-wobble@2.8.0:
    resolution: {integrity: sha512-aDQKFKypW+jz8pH0KK5C03/bvkCGStCxBn7Dc9qkVPmtnzyA7+0lRjvYQrTEliq2d1pm67oixmwvskX0jbzdSw==}
    dependencies:
      tsparticles-engine: 2.8.0
    dev: false

  /tsparticles@2.8.0:
    resolution: {integrity: sha512-TgIdmPU/leNK68n2dgu+lRsC3At0pbP0xP3SU9gLkMyJxXHlsvtTsFafR2q9PlD1FoAPxkBMBTwspysagCeFdA==}
    dependencies:
      tsparticles-engine: 2.8.0
      tsparticles-interaction-external-trail: 2.8.0
      tsparticles-plugin-absorbers: 2.8.0
      tsparticles-plugin-emitters: 2.8.0
      tsparticles-slim: 2.8.0
      tsparticles-updater-destroy: 2.8.0
      tsparticles-updater-roll: 2.8.0
      tsparticles-updater-tilt: 2.8.0
      tsparticles-updater-twinkle: 2.8.0
      tsparticles-updater-wobble: 2.8.0
    dev: false

  /uglify-js@3.17.4:
    resolution: {integrity: sha512-T9q82TJI9e/C1TAxYvfb16xO120tMVFZrGA3f9/P4424DNu6ypK103y0GPFVa17yotwSyZW5iYXgjYHkGrJW/g==}
    engines: {node: '>=0.8.0'}
    hasBin: true
    requiresBuild: true
    dev: true
    optional: true

  /universalify@0.1.2:
    resolution: {integrity: sha512-rBJeI5CXAlmy1pV+617WB9J63U6XcazHHF2f2dbJix4XzpUF0RS3Zbj0FGIOCAva5P/d/GBOYaACQ1w+0azUkg==}
    engines: {node: '>= 4.0.0'}
    dev: true

  /wordwrap@1.0.0:
    resolution: {integrity: sha512-gvVzJFlPycKc5dZN4yPkP8w7Dc37BtP1yczEneOb4uq34pXZcvrtRTmWV8W+Ume+XCxKgbjM+nevkyFPMybd4Q==}
    dev: true

  /wrappy@1.0.2:
    resolution: {integrity: sha512-l4Sp/DRseor9wL6EvV2+TuQn63dMkPjZ/sp9XkghTEbV9KlPS1xUsZ3u7/IQO4wxtcFB4bgpQPRcR3QCvezPcQ==}
    dev: true
